{
  "originHash" : "c21638ce7cbca7c8c67d3284a356fe1b00ecdd8f24bc92bdd5a8405e891714e2",
  "pins" : [
    {
      "identity" : "loggingkit",
      "kind" : "remoteSourceControl",
      "location" : "https://github.com/xocialize/LoggingKit",
      "state" : {
        "revision" : "157c3370e2f00465c1656bf638d785204949230d",
        "version" : "1.0.1"
      }
    },
    {
      "identity" : "metaltoolbox",
      "kind" : "remoteSourceControl",
      "location" : "https://github.com/xocialize/MetalToolBox",
      "state" : {
        "revision" : "47c6910fff2b75807168251cf334fef2980f826c",
        "version" : "1.0.1"
      }
    },
    {
      "identity" : "mlx-engine-swift",
      "kind" : "remoteSourceControl",
      "location" : "https://github.com/xocialize/mlx-engine-swift",
      "state" : {
        "revision" : "269116ad1c3891e3e71b578944cd722bde6d4919",
        "version" : "0.50.0"
      }
    },
    {
      "identity" : "mlx-swift",
      "kind" : "remoteSourceControl",
      "location" : "https://github.com/ml-explore/mlx-swift",
      "state" : {
        "revision" : "0bb916c67f4b9e5c682cbe02a42c701c93ab5021",
        "version" : "0.31.6"
      }
    },
    {
      "identity" : "swift-argument-parser",
      "kind" : "remoteSourceControl",
      "location" : "https://github.com/apple/swift-argument-parser",
      "state" : {
        "revision" : "6a52f3251125d74daf04fcbd5e6f08a75d074382",
        "version" : "1.8.2"
      }
    },
    {
      "identity" : "swift-numerics",
      "kind" : "remoteSourceControl",
      "location" : "https://github.com/apple/swift-numerics",
      "state" : {
        "revision" : "0c0290ff6b24942dadb83a929ffaaa1481df04a2",
        "version" : "1.1.1"
      }
    }
  ],
  "version" : 3
}
