{
  "originHash" : "c21638ce7cbca7c8c67d3284a356fe1b00ecdd8f24bc92bdd5a8405e891714e2",
  "pins" : [
    {
      "identity" : "loggingkit",
      "kind" : "remoteSourceControl",
      "location" : "https://github.com/xocialize/LoggingKit",
      "state" : {
        "revision" : "157c3370e2f00465c1656bf638d785204949230d",
        "version" : "1.0.1"
      }
    },
    {
      "identity" : "metaltoolbox",
      "kind" : "remoteSourceControl",
      "location" : "https://github.com/xocialize/MetalToolBox",
      "state" : {
        "revision" : "0add7b8c9e4594a6226215fff162ac41554ac72a",
        "version" : "1.0.0"
      }
    },
    {
      "identity" : "mlx-engine-swift",
      "kind" : "remoteSourceControl",
      "location" : "https://github.com/xocialize/mlx-engine-swift",
      "state" : {
        "revision" : "0c1a08488352ae68bce6428038c59edc4f254268",
        "version" : "0.43.0"
      }
    },
    {
      "identity" : "mlx-swift",
      "kind" : "remoteSourceControl",
      "location" : "https://github.com/ml-explore/mlx-swift",
      "state" : {
        "revision" : "19601207e9a0de51e03ee6ec0c3c5f3784275075",
        "version" : "0.32.3"
      }
    },
    {
      "identity" : "swift-numerics",
      "kind" : "remoteSourceControl",
      "location" : "https://github.com/apple/swift-numerics",
      "state" : {
        "revision" : "0c0290ff6b24942dadb83a929ffaaa1481df04a2",
        "version" : "1.1.1"
      }
    }
  ],
  "version" : 3
}
